// !$*UTF8*$!
{
	archiveVersion = 1;
	classes = {
	};
	objectVersion = 50;
	objects = {

/* Begin PBXBuildFile section */
		E9CDE08620BB6CD100BE8FEE /* labelDesignable.swift in Sources */ = {isa = PBXBuildFile; fileRef = E9CDE08520BB6CD100BE8FEE /* labelDesignable.swift */; };
		E9CDE08820BB737F00BE8FEE /* viewDesignable.swift in Sources */ = {isa = PBXBuildFile; fileRef = E9CDE08720BB737F00BE8FEE /* viewDesignable.swift */; };
		E9E7AD2D20BB47C200756D0B /* AppDelegate.swift in Sources */ = {isa = PBXBuildFile; fileRef = E9E7AD2C20BB47C200756D0B /* AppDelegate.swift */; };
		E9E7AD2F20BB47C200756D0B /* ViewController.swift in Sources */ = {isa = PBXBuildFile; fileRef = E9E7AD2E20BB47C200756D0B /* ViewController.swift */; };
		E9E7AD3220BB47C200756D0B /* Main.storyboard in Resources */ = {isa = PBXBuildFile; fileRef = E9E7AD3020BB47C200756D0B /* Main.storyboard */; };
		E9E7AD3420BB47C600756D0B /* Assets.xcassets in Resources */ = {isa = PBXBuildFile; fileRef = E9E7AD3320BB47C600756D0B /* Assets.xcassets */; };
		E9E7AD3720BB47C600756D0B /* LaunchScreen.storyboard in Resources */ = {isa = PBXBuildFile; fileRef = E9E7AD3520BB47C600756D0B /* LaunchScreen.storyboard */; };
		E9E7AD3F20BB480D00756D0B /* RecipeViewController.swift in Sources */ = {isa = PBXBuildFile; fileRef = E9E7AD3E20BB480D00756D0B /* RecipeViewController.swift */; };
		E9E7AD4120BB4B2700756D0B /* RecipeCell.swift in Sources */ = {isa = PBXBuildFile; fileRef = E9E7AD4020BB4B2700756D0B /* RecipeCell.swift */; };
		E9E7AD4320BB4F8A00756D0B /* Recipes.swift in Sources */ = {isa = PBXBuildFile; fileRef = E9E7AD4220BB4F8A00756D0B /* Recipes.swift */; };
/* End PBXBuildFile section */

/* Begin PBXFileReference section */
		E9CDE08520BB6CD100BE8FEE /* labelDesignable.swift */ = {isa = PBXFileReference; lastKnownFileType = sourcecode.swift; path = labelDesignable.swift; sourceTree = "<group>"; };
		E9CDE08720BB737F00BE8FEE /* viewDesignable.swift */ = {isa = PBXFileReference; lastKnownFileType = sourcecode.swift; path = viewDesignable.swift; sourceTree = "<group>"; };
		E9E7AD2920BB47C200756D0B /* mobileTest_sm.app */ = {isa = PBXFileReference; explicitFileType = wrapper.application; includeInIndex = 0; path = mobileTest_sm.app; sourceTree = BUILT_PRODUCTS_DIR; };
		E9E7AD2C20BB47C200756D0B /* AppDelegate.swift */ = {isa = PBXFileReference; lastKnownFileType = sourcecode.swift; path = AppDelegate.swift; sourceTree = "<group>"; };
		E9E7AD2E20BB47C200756D0B /* ViewController.swift */ = {isa = PBXFileReference; lastKnownFileType = sourcecode.swift; path = ViewController.swift; sourceTree = "<group>"; };
		E9E7AD3120BB47C200756D0B /* Base */ = {isa = PBXFileReference; lastKnownFileType = file.storyboard; name = Base; path = Base.lproj/Main.storyboard; sourceTree = "<group>"; };
		E9E7AD3320BB47C600756D0B /* Assets.xcassets */ = {isa = PBXFileReference; lastKnownFileType = folder.assetcatalog; path = Assets.xcassets; sourceTree = "<group>"; };
		E9E7AD3620BB47C600756D0B /* Base */ = {isa = PBXFileReference; lastKnownFileType = file.storyboard; name = Base; path = Base.lproj/LaunchScreen.storyboard; sourceTree = "<group>"; };
		E9E7AD3820BB47C600756D0B /* Info.plist */ = {isa = PBXFileReference; lastKnownFileType = text.plist.xml; path = Info.plist; sourceTree = "<group>"; };
		E9E7AD3E20BB480D00756D0B /* RecipeViewController.swift */ = {isa = PBXFileReference; lastKnownFileType = sourcecode.swift; path = RecipeViewController.swift; sourceTree = "<group>"; };
		E9E7AD4020BB4B2700756D0B /* RecipeCell.swift */ = {isa = PBXFileReference; lastKnownFileType = sourcecode.swift; path = RecipeCell.swift; sourceTree = "<group>"; };
		E9E7AD4220BB4F8A00756D0B /* Recipes.swift */ = {isa = PBXFileReference; lastKnownFileType = sourcecode.swift; path = Recipes.swift; sourceTree = "<group>"; };
/* End PBXFileReference section */

/* Begin PBXFrameworksBuildPhase section */
		E9E7AD2620BB47C200756D0B /* Frameworks */ = {
			isa = PBXFrameworksBuildPhase;
			buildActionMask = 2147483647;
			files = (
			);
			runOnlyForDeploymentPostprocessing = 0;
		};
/* End PBXFrameworksBuildPhase section */

/* Begin PBXGroup section */
		E9E7AD2020BB47C200756D0B = {
			isa = PBXGroup;
			children = (
				E9E7AD2B20BB47C200756D0B /* mobileTest_sm */,
				E9E7AD2A20BB47C200756D0B /* Products */,
			);
			sourceTree = "<group>";
		};
		E9E7AD2A20BB47C200756D0B /* Products */ = {
			isa = PBXGroup;
			children = (
				E9E7AD2920BB47C200756D0B /* mobileTest_sm.app */,
			);
			name = Products;
			sourceTree = "<group>";
		};
		E9E7AD2B20BB47C200756D0B /* mobileTest_sm */ = {
			isa = PBXGroup;
			children = (
				E9E7AD2C20BB47C200756D0B /* AppDelegate.swift */,
				E9E7AD3E20BB480D00756D0B /* RecipeViewController.swift */,
				E9E7AD4020BB4B2700756D0B /* RecipeCell.swift */,
				E9E7AD4220BB4F8A00756D0B /* Recipes.swift */,
				E9E7AD3020BB47C200756D0B /* Main.storyboard */,
				E9E7AD2E20BB47C200756D0B /* ViewController.swift */,
				E9CDE08720BB737F00BE8FEE /* viewDesignable.swift */,
				E9CDE08520BB6CD100BE8FEE /* labelDesignable.swift */,
				E9E7AD3320BB47C600756D0B /* Assets.xcassets */,
				E9E7AD3520BB47C600756D0B /* LaunchScreen.storyboard */,
				E9E7AD3820BB47C600756D0B /* Info.plist */,
			);
			path = mobileTest_sm;
			sourceTree = "<group>";
		};
/* End PBXGroup section */

/* Begin PBXNativeTarget section */
		E9E7AD2820BB47C200756D0B /* mobileTest_sm */ = {
			isa = PBXNativeTarget;
			buildConfigurationList = E9E7AD3B20BB47C600756D0B /* Build configuration list for PBXNativeTarget "mobileTest_sm" */;
			buildPhases = (
				E9E7AD2520BB47C200756D0B /* Sources */,
				E9E7AD2620BB47C200756D0B /* Frameworks */,
				E9E7AD2720BB47C200756D0B /* Resources */,
			);
			buildRules = (
			);
			dependencies = (
			);
			name = mobileTest_sm;
			productName = mobileTest_sm;
			productReference = E9E7AD2920BB47C200756D0B /* mobileTest_sm.app */;
			productType = "com.apple.product-type.application";
		};
/* End PBXNativeTarget section */

/* Begin PBXProject section */
		E9E7AD2120BB47C200756D0B /* Project object */ = {
			isa = PBXProject;
			attributes = {
				LastSwiftUpdateCheck = 0930;
				LastUpgradeCheck = 0930;
				ORGANIZATIONNAME = "Shane McCully";
				TargetAttributes = {
					E9E7AD2820BB47C200756D0B = {
						CreatedOnToolsVersion = 9.3.1;
					};
				};
			};
			buildConfigurationList = E9E7AD2420BB47C200756D0B /* Build configuration list for PBXProject "mobileTest_sm" */;
			compatibilityVersion = "Xcode 9.3";
			developmentRegion = en;
			hasScannedForEncodings = 0;
			knownRegions = (
				en,
				Base,
			);
			mainGroup = E9E7AD2020BB47C200756D0B;
			productRefGroup = E9E7AD2A20BB47C200756D0B /* Products */;
			projectDirPath = "";
			projectRoot = "";
			targets = (
				E9E7AD2820BB47C200756D0B /* mobileTest_sm */,
			);
		};
/* End PBXProject section */

/* Begin PBXResourcesBuildPhase section */
		E9E7AD2720BB47C200756D0B /* Resources */ = {
			isa = PBXResourcesBuildPhase;
			buildActionMask = 2147483647;
			files = (
				E9E7AD3720BB47C600756D0B /* LaunchScreen.storyboard in Resources */,
				E9E7AD3420BB47C600756D0B /* Assets.xcassets in Resources */,
				E9E7AD3220BB47C200756D0B /* Main.storyboard in Resources */,
			);
			runOnlyForDeploymentPostprocessing = 0;
		};
/* End PBXResourcesBuildPhase section */

/* Begin PBXSourcesBuildPhase section */
		E9E7AD2520BB47C200756D0B /* Sources */ = {
			isa = PBXSourcesBuildPhase;
			buildActionMask = 2147483647;
			files = (
				E9E7AD2F20BB47C200756D0B /* ViewController.swift in Sources */,
				E9E7AD2D20BB47C200756D0B /* AppDelegate.swift in Sources */,
				E9CDE08620BB6CD100BE8FEE /* labelDesignable.swift in Sources */,
				E9E7AD3F20BB480D00756D0B /* RecipeViewController.swift in Sources */,
				E9E7AD4120BB4B2700756D0B /* RecipeCell.swift in Sources */,
				E9E7AD4320BB4F8A00756D0B /* Recipes.swift in Sources */,
				E9CDE08820BB737F00BE8FEE /* viewDesignable.swift in Sources */,
			);
			runOnlyForDeploymentPostprocessing = 0;
		};
/* End PBXSourcesBuildPhase section */

/* Begin PBXVariantGroup section */
		E9E7AD3020BB47C200756D0B /* Main.storyboard */ = {
			isa = PBXVariantGroup;
			children = (
				E9E7AD3120BB47C200756D0B /* Base */,
			);
			name = Main.storyboard;
			sourceTree = "<group>";
		};
		E9E7AD3520BB47C600756D0B /* LaunchScreen.storyboard */ = {
			isa = PBXVariantGroup;
			children = (
				E9E7AD3620BB47C600756D0B /* Base */,
			);
			name = LaunchScreen.storyboard;
			sourceTree = "<group>";
		};
/* End PBXVariantGroup section */

/* Begin XCBuildConfiguration section */
		E9E7AD3920BB47C600756D0B /* Debug */ = {
			isa = XCBuildConfiguration;
			buildSettings = {
				ALWAYS_SEARCH_USER_PATHS = NO;
				CLANG_ANALYZER_NONNULL = YES;
				CLANG_ANALYZER_NUMBER_OBJECT_CONVERSION = YES_AGGRESSIVE;
				CLANG_CXX_LANGUAGE_STANDARD = "gnu++14";
				CLANG_CXX_LIBRARY = "libc++";
				CLANG_ENABLE_MODULES = YES;
				CLANG_ENABLE_OBJC_ARC = YES;
				CLANG_ENABLE_OBJC_WEAK = YES;
				CLANG_WARN_BLOCK_CAPTURE_AUTORELEASING = YES;
				CLANG_WARN_BOOL_CONVERSION = YES;
				CLANG_WARN_COMMA = YES;
				CLANG_WARN_CONSTANT_CONVERSION = YES;
				CLANG_WARN_DEPRECATED_OBJC_IMPLEMENTATIONS = YES;
				CLANG_WARN_DIRECT_OBJC_ISA_USAGE = YES_ERROR;
				CLANG_WARN_DOCUMENTATION_COMMENTS = YES;
				CLANG_WARN_EMPTY_BODY = YES;
				CLANG_WARN_ENUM_CONVERSION = YES;
				CLANG_WARN_INFINITE_RECURSION = YES;
				CLANG_WARN_INT_CONVERSION = YES;
				CLANG_WARN_NON_LITERAL_NULL_CONVERSION = YES;
				CLANG_WARN_OBJC_IMPLICIT_RETAIN_SELF = YES;
				CLANG_WARN_OBJC_LITERAL_CONVERSION = YES;
				CLANG_WARN_OBJC_ROOT_CLASS = YES_ERROR;
				CLANG_WARN_RANGE_LOOP_ANALYSIS = YES;
				CLANG_WARN_STRICT_PROTOTYPES = YES;
				CLANG_WARN_SUSPICIOUS_MOVE = YES;
				CLANG_WARN_UNGUARDED_AVAILABILITY = YES_AGGRESSIVE;
				CLANG_WARN_UNREACHABLE_CODE = YES;
				CLANG_WARN__DUPLICATE_METHOD_MATCH = YES;
				CODE_SIGN_IDENTITY = "iPhone Developer";
				COPY_PHASE_STRIP = NO;
				DEBUG_INFORMATION_FORMAT = dwarf;
				ENABLE_STRICT_OBJC_MSGSEND = YES;
				ENABLE_TESTABILITY = YES;
				GCC_C_LANGUAGE_STANDARD = gnu11;
				GCC_DYNAMIC_NO_PIC = NO;
				GCC_NO_COMMON_BLOCKS = YES;
				GCC_OPTIMIZATION_LEVEL = 0;
				GCC_PREPROCESSOR_DEFINITIONS = (
					"DEBUG=1",
					"$(inherited)",
				);
				GCC_WARN_64_TO_32_BIT_CONVERSION = YES;
				GCC_WARN_ABOUT_RETURN_TYPE = YES_ERROR;
				GCC_WARN_UNDECLARED_SELECTOR = YES;
				GCC_WARN_UNINITIALIZED_AUTOS = YES_AGGRESSIVE;
				GCC_WARN_UNUSED_FUNCTION = YES;
				GCC_WARN_UNUSED_VARIABLE = YES;
				IPHONEOS_DEPLOYMENT_TARGET = 11.3;
				MTL_ENABLE_DEBUG_INFO = YES;
				ONLY_ACTIVE_ARCH = YES;
				SDKROOT = iphoneos;
				SWIFT_ACTIVE_COMPILATION_CONDITIONS = DEBUG;
				SWIFT_OPTIMIZATION_LEVEL = "-Onone";
			};
			name = Debug;
		};
		E9E7AD3A20BB47C600756D0B /* Release */ = {
			isa = XCBuildConfiguration;
			buildSettings = {
				ALWAYS_SEARCH_USER_PATHS = NO;
				CLANG_ANALYZER_NONNULL = YES;
				CLANG_ANALYZER_NUMBER_OBJECT_CONVERSION = YES_AGGRESSIVE;
				CLANG_CXX_LANGUAGE_STANDARD = "gnu++14";
				CLANG_CXX_LIBRARY = "libc++";
				CLANG_ENABLE_MODULES = YES;
				CLANG_ENABLE_OBJC_ARC = YES;
				CLANG_ENABLE_OBJC_WEAK = YES;
				CLANG_WARN_BLOCK_CAPTURE_AUTORELEASING = YES;
				CLANG_WARN_BOOL_CONVERSION = YES;
				CLANG_WARN_COMMA = YES;
				CLANG_WARN_CONSTANT_CONVERSION = YES;
				CLANG_WARN_DEPRECATED_OBJC_IMPLEMENTATIONS = YES;
				CLANG_WARN_DIRECT_OBJC_ISA_USAGE = YES_ERROR;
				CLANG_WARN_DOCUMENTATION_COMMENTS = YES;
				CLANG_WARN_EMPTY_BODY = YES;
				CLANG_WARN_ENUM_CONVERSION = YES;
				CLANG_WARN_INFINITE_RECURSION = YES;
				CLANG_WARN_INT_CONVERSION = YES;
				CLANG_WARN_NON_LITERAL_NULL_CONVERSION = YES;
				CLANG_WARN_OBJC_IMPLICIT_RETAIN_SELF = YES;
				CLANG_WARN_OBJC_LITERAL_CONVERSION = YES;
				CLANG_WARN_OBJC_ROOT_CLASS = YES_ERROR;
				CLANG_WARN_RANGE_LOOP_ANALYSIS = YES;
				CLANG_WARN_STRICT_PROTOTYPES = YES;
				CLANG_WARN_SUSPICIOUS_MOVE = YES;
				CLANG_WARN_UNGUARDED_AVAILABILITY = YES_AGGRESSIVE;
				CLANG_WARN_UNREACHABLE_CODE = YES;
				CLANG_WARN__DUPLICATE_METHOD_MATCH = YES;
				CODE_SIGN_IDENTITY = "iPhone Developer";
				COPY_PHASE_STRIP = NO;
				DEBUG_INFORMATION_FORMAT = "dwarf-with-dsym";
				ENABLE_NS_ASSERTIONS = NO;
				ENABLE_STRICT_OBJC_MSGSEND = YES;
				GCC_C_LANGUAGE_STANDARD = gnu11;
				GCC_NO_COMMON_BLOCKS = YES;
				GCC_WARN_64_TO_32_BIT_CONVERSION = YES;
				GCC_WARN_ABOUT_RETURN_TYPE = YES_ERROR;
				GCC_WARN_UNDECLARED_SELECTOR = YES;
				GCC_WARN_UNINITIALIZED_AUTOS = YES_AGGRESSIVE;
				GCC_WARN_UNUSED_FUNCTION = YES;
				GCC_WARN_UNUSED_VARIABLE = YES;
				IPHONEOS_DEPLOYMENT_TARGET = 11.3;
				MTL_ENABLE_DEBUG_INFO = NO;
				SDKROOT = iphoneos;
				SWIFT_COMPILATION_MODE = wholemodule;
				SWIFT_OPTIMIZATION_LEVEL = "-O";
				VALIDATE_PRODUCT = YES;
			};
			name = Release;
		};
		E9E7AD3C20BB47C600756D0B /* Debug */ = {
			isa = XCBuildConfiguration;
			buildSettings = {
				ASSETCATALOG_COMPILER_APPICON_NAME = AppIcon;
				CODE_SIGN_STYLE = Automatic;
				DEVELOPMENT_TEAM = 7SZN297R6Q;
				INFOPLIST_FILE = mobileTest_sm/Info.plist;
				LD_RUNPATH_SEARCH_PATHS = (
					"$(inherited)",
					"@executable_path/Frameworks",
				);
				PRODUCT_BUNDLE_IDENTIFIER = "cully.mobileTest-sm";
				PRODUCT_NAME = "$(TARGET_NAME)";
				SWIFT_VERSION = 4.0;
				TARGETED_DEVICE_FAMILY = "1,2";
			};
			name = Debug;
		};
		E9E7AD3D20BB47C600756D0B /* Release */ = {
			isa = XCBuildConfiguration;
			buildSettings = {
				ASSETCATALOG_COMPILER_APPICON_NAME = AppIcon;
				CODE_SIGN_STYLE = Automatic;
				DEVELOPMENT_TEAM = 7SZN297R6Q;
				INFOPLIST_FILE = mobileTest_sm/Info.plist;
				LD_RUNPATH_SEARCH_PATHS = (
					"$(inherited)",
					"@executable_path/Frameworks",
				);
				PRODUCT_BUNDLE_IDENTIFIER = "cully.mobileTest-sm";
				PRODUCT_NAME = "$(TARGET_NAME)";
				SWIFT_VERSION = 4.0;
				TARGETED_DEVICE_FAMILY = "1,2";
			};
			name = Release;
		};
/* End XCBuildConfiguration section */

/* Begin XCConfigurationList section */
		E9E7AD2420BB47C200756D0B /* Build configuration list for PBXProject "mobileTest_sm" */ = {
			isa = XCConfigurationList;
			buildConfigurations = (
				E9E7AD3920BB47C600756D0B /* Debug */,
				E9E7AD3A20BB47C600756D0B /* Release */,
			);
			defaultConfigurationIsVisible = 0;
			defaultConfigurationName = Release;
		};
		E9E7AD3B20BB47C600756D0B /* Build configuration list for PBXNativeTarget "mobileTest_sm" */ = {
			isa = XCConfigurationList;
			buildConfigurations = (
				E9E7AD3C20BB47C600756D0B /* Debug */,
				E9E7AD3D20BB47C600756D0B /* Release */,
			);
			defaultConfigurationIsVisible = 0;
			defaultConfigurationName = Release;
		};
/* End XCConfigurationList section */
	};
	rootObject = E9E7AD2120BB47C200756D0B /* Project object */;
}
